
Microsoft Visual Studio Solution File, Format Version 12.00
# Visual Studio Version 16
VisualStudioVersion = 16.0.31313.79
MinimumVisualStudioVersion = 10.0.40219.1
Project("{9A19103F-16F7-4668-BE54-9A1E7A4F7556}") = "NLog.Targets.ElasticSearch", "NLog.Targets.ElasticSearch\NLog.Targets.ElasticSearch.csproj", "{B0B84774-1B40-4735-A5CE-B08C4FB3BA3B}"
EndProject
Project("{9A19103F-16F7-4668-BE54-9A1E7A4F7556}") = "NLog.Targets.ElasticSearch.Tests", "NLog.Targets.ElasticSearch.Tests\NLog.Targets.ElasticSearch.Tests.csproj", "{A1E076FE-6E3D-4AF1-838C-3A2A6DFE8006}"
EndProject
Global
	GlobalSection(SolutionConfigurationPlatforms) = preSolution
		Debug|Any CPU = Debug|Any CPU
		Release|Any CPU = Release|Any CPU
	EndGlobalSection
	GlobalSection(ProjectConfigurationPlatforms) = postSolution
		{B0B84774-1B40-4735-A5CE-B08C4FB3BA3B}.Debug|Any CPU.ActiveCfg = Debug|Any CPU
		{B0B84774-1B40-4735-A5CE-B08C4FB3BA3B}.Debug|Any CPU.Build.0 = Debug|Any CPU
		{B0B84774-1B40-4735-A5CE-B08C4FB3BA3B}.Release|Any CPU.ActiveCfg = Release|Any CPU
		{B0B84774-1B40-4735-A5CE-B08C4FB3BA3B}.Release|Any CPU.Build.0 = Release|Any CPU
		{A1E076FE-6E3D-4AF1-838C-3A2A6DFE8006}.Debug|Any CPU.ActiveCfg = Debug|Any CPU
		{A1E076FE-6E3D-4AF1-838C-3A2A6DFE8006}.Debug|Any CPU.Build.0 = Debug|Any CPU
		{A1E076FE-6E3D-4AF1-838C-3A2A6DFE8006}.Release|Any CPU.ActiveCfg = Release|Any CPU
		{A1E076FE-6E3D-4AF1-838C-3A2A6DFE8006}.Release|Any CPU.Build.0 = Release|Any CPU
	EndGlobalSection
	GlobalSection(SolutionProperties) = preSolution
		HideSolutionNode = FALSE
	EndGlobalSection
	GlobalSection(ExtensibilityGlobals) = postSolution
		SolutionGuid = {9B3FFA50-FF63-4EA0-B3A9-133FBBBD69B6}
	EndGlobalSection
EndGlobal
